
Microsoft Visual Studio Solution File, Format Version 12.00
# Visual Studio 14
VisualStudioVersion = 14.0.24720.0
MinimumVisualStudioVersion = 10.0.40219.1
Project("{FAE04EC0-301F-11D3-BF4B-00C04F79EFBC}") = "Selenium.Core", "Selenium.Core\Selenium.Core.csproj", "{97D1D378-7A80-445C-83F6-A86147762729}"
EndProject
Project("{FAE04EC0-301F-11D3-BF4B-00C04F79EFBC}") = "Selenium.Specifications", "Selenium.Specifications\Selenium.Specifications.csproj", "{D70AAD76-1D59-453A-B527-4167A623B910}"
EndProject
Global
	GlobalSection(SolutionConfigurationPlatforms) = preSolution
		Debug|Any CPU = Debug|Any CPU
		Release|Any CPU = Release|Any CPU
	EndGlobalSection
	GlobalSection(ProjectConfigurationPlatforms) = postSolution
		{97D1D378-7A80-445C-83F6-A86147762729}.Debug|Any CPU.ActiveCfg = Debug|Any CPU
		{97D1D378-7A80-445C-83F6-A86147762729}.Debug|Any CPU.Build.0 = Debug|Any CPU
		{97D1D378-7A80-445C-83F6-A86147762729}.Release|Any CPU.ActiveCfg = Release|Any CPU
		{97D1D378-7A80-445C-83F6-A86147762729}.Release|Any CPU.Build.0 = Release|Any CPU
		{D70AAD76-1D59-453A-B527-4167A623B910}.Debug|Any CPU.ActiveCfg = Debug|Any CPU
		{D70AAD76-1D59-453A-B527-4167A623B910}.Debug|Any CPU.Build.0 = Debug|Any CPU
		{D70AAD76-1D59-453A-B527-4167A623B910}.Release|Any CPU.ActiveCfg = Release|Any CPU
		{D70AAD76-1D59-453A-B527-4167A623B910}.Release|Any CPU.Build.0 = Release|Any CPU
	EndGlobalSection
	GlobalSection(SolutionProperties) = preSolution
		HideSolutionNode = FALSE
	EndGlobalSection
EndGlobal
